
Microsoft Visual Studio Solution File, Format Version 12.00
# Visual Studio Version 17
VisualStudioVersion = 17.7.34031.279
MinimumVisualStudioVersion = 10.0.40219.1
Project("{8BC9CEB8-8B4A-11D0-8D11-00A0C91BC942}") = "Inductance", "Inductance\Inductance.vcxproj", "{6DA711B9-3E4A-41F7-96E6-0CCB68B535EE}"
EndProject
Global
	GlobalSection(SolutionConfigurationPlatforms) = preSolution
		Debug|x64 = Debug|x64
		Debug|x86 = Debug|x86
		Release|x64 = Release|x64
		Release|x86 = Release|x86
	EndGlobalSection
	GlobalSection(ProjectConfigurationPlatforms) = postSolution
		{6DA711B9-3E4A-41F7-96E6-0CCB68B535EE}.Debug|x64.ActiveCfg = Debug|x64
		{6DA711B9-3E4A-41F7-96E6-0CCB68B535EE}.Debug|x64.Build.0 = Debug|x64
		{6DA711B9-3E4A-41F7-96E6-0CCB68B535EE}.Debug|x86.ActiveCfg = Debug|Win32
		{6DA711B9-3E4A-41F7-96E6-0CCB68B535EE}.Debug|x86.Build.0 = Debug|Win32
		{6DA711B9-3E4A-41F7-96E6-0CCB68B535EE}.Release|x64.ActiveCfg = Release|x64
		{6DA711B9-3E4A-41F7-96E6-0CCB68B535EE}.Release|x64.Build.0 = Release|x64
		{6DA711B9-3E4A-41F7-96E6-0CCB68B535EE}.Release|x86.ActiveCfg = Release|Win32
		{6DA711B9-3E4A-41F7-96E6-0CCB68B535EE}.Release|x86.Build.0 = Release|Win32
	EndGlobalSection
	GlobalSection(SolutionProperties) = preSolution
		HideSolutionNode = FALSE
	EndGlobalSection
	GlobalSection(ExtensibilityGlobals) = postSolution
		SolutionGuid = {7CA82C3F-2CE7-49A6-A333-7B87B14A74AA}
	EndGlobalSection
EndGlobal
